# generated by rye
# use `rye lock` or `rye sync` to update this lockfile
#
# last locked with the following flags:
#   pre: false
#   features: []
#   all-features: false
#   with-sources: false
#   generate-hashes: false
#   universal: true

-e file:python/lsp_server
annotated-types==0.7.0
    # via pydantic
attrs==24.2.0
    # via cattrs
    # via lsprotocol
bumpver==2023.1129
cattrs==24.1.2
    # via lsprotocol
    # via pygls
certifi==2024.8.30
    # via requests
charset-normalizer==3.4.0
    # via requests
click==8.1.7
    # via bumpver
colorama==0.4.6
    # via bumpver
    # via click
    # via pytest
idna==3.10
    # via requests
iniconfig==2.0.0
    # via pytest
lexid==2021.1006
    # via bumpver
looseversion==1.3.0
    # via bumpver
lsprotocol==2023.0.1
    # via pygls
numpy==2.1.2
    # via pyarrow
packaging==24.1
    # via pytest
pip-licenses==5.0.0
pluggy==1.5.0
    # via pytest
prettytable==3.11.0
    # via pip-licenses
pyarrow==17.0.0
    # via lsp-server
pydantic==2.9.2
    # via lsp-server
pydantic-core==2.23.4
    # via pydantic
pygls==1.3.1
    # via lsp-server
pytest==8.3.3
requests==2.32.3
toml==0.10.2
    # via bumpver
tomli==2.0.2
    # via pip-licenses
typing-extensions==4.12.2
    # via pydantic
    # via pydantic-core
urllib3==2.2.3
    # via requests
wcwidth==0.2.13
    # via prettytable
